{
  "name": "nativescript-background-task",
  "version": "0.0.1",
  "lockfileVersion": 1,
  "requires": true,
  "dependencies": {
    "tns-core-modules": {
      "version": "3.4.1",
      "resolved": "http://registry.npmjs.org/tns-core-modules/-/tns-core-modules-3.4.1.tgz",
      "integrity": "sha512-sz/yTmoW7WyDPpr4JEC+trlfiEI14X365jGF//tMCT/G6ISzANr43wc17fgbGH1UA1XbKzujbAl0xPNssRHVUA==",
      "dev": true,
      "requires": {
        "tns-core-modules-widgets": "3.4.0"
      }
    },
    "tns-core-modules-widgets": {
      "version": "3.4.0",
      "resolved": "https://registry.npmjs.org/tns-core-modules-widgets/-/tns-core-modules-widgets-3.4.0.tgz",
      "integrity": "sha512-WEtjDRTjjKB+C1NhY1CJSNyhK9DPCYzBgM+yKgq5AmphK/QdQEMAP1U2ttOv8yWWfsvLZGOnzyLCzcyeoG0Gfw==",
      "dev": true
    }
  }
}
